github.com/heavywatal/hugo-mod-common v0.0.0-20260926092328-6bf2fc93b2f5 h1:s1Cgdn3ZY8GqS5DO6hSV5obihD6zcnRx/juo+ja3r0E=
github.com/heavywatal/hugo-mod-common v0.0.0-20260926092328-6bf2fc93b2f5/go.mod h1:HEP5sGpeRcvP73TzQLCYtBb8cegYgJ9SdEYoB6ktG2Q=
github.com/heavywatal/hugo-theme-nonblog v0.0.0-20260615041631-80478072338b h1:7dGP7JP4K0zrA3mO4vgM9ANNRMOWwBFQtkU8Yncnfig=
github.com/heavywatal/hugo-theme-nonblog v0.0.0-20260615041631-80478072338b/go.mod h1:U7y+Bz+MhuXb6BPLM7XvbZ3abrx2IIhJhxemqwAwg1k=
