github.com/heavywatal/hugo-mod-common v0.0.0-20260326080658-d824d13966be h1:bJXMCBog8DQBLNqEwhHpm0o1NiUDS6RYEcWN4gFs3us=
github.com/heavywatal/hugo-mod-common v0.0.0-20260326080658-d824d13966be/go.mod h1:HEP5sGpeRcvP73TzQLCYtBb8cegYgJ9SdEYoB6ktG2Q=
github.com/heavywatal/hugo-theme-nonblog v0.0.0-20260309130316-a0fc735a514f h1:t4Oqkars31FFIB8cWp9w0Uay/v2c8tNjj9hK8fvotmk=
github.com/heavywatal/hugo-theme-nonblog v0.0.0-20260309130316-a0fc735a514f/go.mod h1:3HPQDgiPhJYCBpxvs3BrRNzei8WZ5G8+O55wdDTfsAE=
