github.com/heavywatal/hugo-mod-common v0.0.0-20250712015336-e6c0b693a8fb h1:+VvgVdv2qHwdeulFA+SOK8AL4qfAG9gdGh9sNclelMc=
github.com/heavywatal/hugo-mod-common v0.0.0-20250712015336-e6c0b693a8fb/go.mod h1:HEP5sGpeRcvP73TzQLCYtBb8cegYgJ9SdEYoB6ktG2Q=
github.com/heavywatal/hugo-theme-nonblog v0.0.0-20250712021501-652e7fb533ac h1:UISJ1woU18jLUTqoEcrjBJ58HquCe09sBv15QoQx/kk=
github.com/heavywatal/hugo-theme-nonblog v0.0.0-20250712021501-652e7fb533ac/go.mod h1:L+0eODx0ewuNsG/AbsE7wssALCiphsIRjoabuphpl5k=
